{
  "lockfileVersion": 1,
  "configVersion": 1,
  "workspaces": {
    "": {
      "dependencies": {
        "@oxc-minify/binding-linux-x64-gnu": "^0.99.0",
        "@oxc-parser/binding-linux-x64-gnu": "^0.99.0",
        "@oxc-resolver/binding-linux-x64-gnu": "^11.14.0",
        "@oxc-transform/binding-linux-x64-gnu": "^0.99.0",
      },
      "devDependencies": {
        "nitro": "^3.0.1-alpha.1",
        "rolldown": "^1.0.0-beta.57",
      },
    },
  },
  "packages": {
    "@emnapi/core": ["@emnapi/core@1.7.1", "", { "dependencies": { "@emnapi/wasi-threads": "1.1.0", "tslib": "2.8.1" } }, "sha512-o1uhUASyo921r2XtHYOHy7gdkGLge8ghBEQHMWmyJFoXlpU58kIrhhN3w26lpQb6dspetweapMn2CSNwQ8I4wg=="],

    "@emnapi/runtime": ["@emnapi/runtime@1.7.1", "", { "dependencies": { "tslib": "2.8.1" } }, "sha512-PVtJr5CmLwYAU9PZDMITZoR5iAOShYREoR45EyyLrbntV50mdePTgUn4AmOw90Ifcj+x2kRjdzr1HP3RrNiHGA=="],

    "@emnapi/wasi-threads": ["@emnapi/wasi-threads@1.1.0", "", { "dependencies": { "tslib": "2.8.1" } }, "sha512-WI0DdZ8xFSbgMjR1sFsKABJ/C5OnRrjT06JXbZKexJGrDuPTzZdDYfFlsgcCXCyf+suG5QU2e/y1Wo2V/OapLQ=="],

    "@napi-rs/wasm-runtime": ["@napi-rs/wasm-runtime@1.1.1", "", { "dependencies": { "@emnapi/core": "1.7.1", "@emnapi/runtime": "1.7.1", "@tybys/wasm-util": "0.10.1" } }, "sha512-p64ah1M1ld8xjWv3qbvFwHiFVWrq1yFvV4f7w+mzaqiR4IlSgkqhcRdHwsGgomwzBH51sRY4NEowLxnaBjcW/A=="],

    "@oxc-minify/binding-android-arm64": ["@oxc-minify/binding-android-arm64@0.96.0", "", { "os": "android", "cpu": "arm64" }, "sha512-lzeIEMu/v6Y+La5JSesq4hvyKtKBq84cgQpKYTYM/yGuNk2tfd5Ha31hnC+mTh48lp/5vZH+WBfjVUjjINCfug=="],

    "@oxc-minify/binding-darwin-arm64": ["@oxc-minify/binding-darwin-arm64@0.96.0", "", { "os": "darwin", "cpu": "arm64" }, "sha512-i0LkJAUXb4BeBFrJQbMKQPoxf8+cFEffDyLSb7NEzzKuPcH8qrVsnEItoOzeAdYam8Sr6qCHVwmBNEQzl7PWpw=="],

    "@oxc-minify/binding-darwin-x64": ["@oxc-minify/binding-darwin-x64@0.96.0", "", { "os": "darwin", "cpu": "x64" }, "sha512-C5vI0WPR+KPIFAD5LMOJk2J8iiT+Nv65vDXmemzXEXouzfEOLYNqnW+u6NSsccpuZHHWAiLyPFkYvKFduveAUQ=="],

    "@oxc-minify/binding-freebsd-x64": ["@oxc-minify/binding-freebsd-x64@0.96.0", "", { "os": "freebsd", "cpu": "x64" }, "sha512-3//5DNx+xUjVBMLLk2sl6hfe4fwfENJtjVQUBXjxzwPuv8xgZUqASG4cRG3WqG5Qe8dV6SbCI4EgKQFjO4KCZA=="],

    "@oxc-minify/binding-linux-arm-gnueabihf": ["@oxc-minify/binding-linux-arm-gnueabihf@0.96.0", "", { "os": "linux", "cpu": "arm" }, "sha512-WXChFKV7VdDk1NePDK1J31cpSvxACAVztJ7f7lJVYBTkH+iz5D0lCqPcE7a9eb7nC3xvz4yk7DM6dA9wlUQkQg=="],

    "@oxc-minify/binding-linux-arm-musleabihf": ["@oxc-minify/binding-linux-arm-musleabihf@0.96.0", "", { "os": "linux", "cpu": "arm" }, "sha512-7B18glYMX4Z/YoqgE3VRLs/2YhVLxlxNKSgrtsRpuR8xv58xca+hEhiFwZN1Rn+NSMZ29Z33LWD7iYWnqYFvRA=="],

    "@oxc-minify/binding-linux-arm64-gnu": ["@oxc-minify/binding-linux-arm64-gnu@0.96.0", "", { "os": "linux", "cpu": "arm64" }, "sha512-Yl+KcTldsEJNcaYxxonwAXZ2q3gxIzn3kXYQWgKWdaGIpNhOCWqF+KE5WLsldoh5Ro5SHtomvb8GM6cXrIBMog=="],

    "@oxc-minify/binding-linux-arm64-musl": ["@oxc-minify/binding-linux-arm64-musl@0.96.0", "", { "os": "linux", "cpu": "arm64" }, "sha512-rNqoFWOWaxwMmUY5fspd/h5HfvgUlA3sv9CUdA2MpnHFiyoJNovR7WU8tGh+Yn0qOAs0SNH0a05gIthHig14IA=="],

    "@oxc-minify/binding-linux-riscv64-gnu": ["@oxc-minify/binding-linux-riscv64-gnu@0.96.0", "", { "os": "linux", "cpu": "none" }, "sha512-3paajIuzGnukHwSI3YBjYVqbd72pZd8NJxaayaNFR0AByIm8rmIT5RqFXbq8j2uhtpmNdZRXiu0em1zOmIScWA=="],

    "@oxc-minify/binding-linux-s390x-gnu": ["@oxc-minify/binding-linux-s390x-gnu@0.96.0", "", { "os": "linux", "cpu": "s390x" }, "sha512-9ESrpkB2XG0lQ89JlsxlZa86iQCOs+jkDZLl6O+u5wb7ynUy21bpJJ1joauCOSYIOUlSy3+LbtJLiqi7oSQt5Q=="],

    "@oxc-minify/binding-linux-x64-gnu": ["@oxc-minify/binding-linux-x64-gnu@0.99.0", "", { "os": "linux", "cpu": "x64" }, "sha512-2Iq4piS+6i96mTvvvGwhPa2BVfys7ChV2r7Do7lciZSniXwwhQNJ/6yvqsp3hgaVvXhPYfbn9dEGRb1T1wZ5ww=="],

    "@oxc-minify/binding-linux-x64-musl": ["@oxc-minify/binding-linux-x64-musl@0.96.0", "", { "os": "linux", "cpu": "x64" }, "sha512-8b1naiC7MdP7xeMi7cQ5tb9W1rZAP9Qz/jBRqp1Y5EOZ1yhSGnf1QWuZ/0pCc+XiB9vEHXEY3Aki/H+86m2eOg=="],

    "@oxc-minify/binding-wasm32-wasi": ["@oxc-minify/binding-wasm32-wasi@0.96.0", "", { "dependencies": { "@napi-rs/wasm-runtime": "1.1.1" }, "cpu": "none" }, "sha512-bjGDjkGzo3GWU9Vg2qiFUrfoo5QxojPNV/2RHTlbIB5FWkkV4ExVjsfyqihFiAuj0NXIZqd2SAiEq9htVd3RFw=="],

    "@oxc-minify/binding-win32-arm64-msvc": ["@oxc-minify/binding-win32-arm64-msvc@0.96.0", "", { "os": "win32", "cpu": "arm64" }, "sha512-4L4DlHUT47qMWQuTyUghpncR3NZHWtxvd0G1KgSjVgXf+cXzFdWQCWZZtCU0yrmOoVCNUf4S04IFCJyAe+Ie7A=="],

    "@oxc-minify/binding-win32-x64-msvc": ["@oxc-minify/binding-win32-x64-msvc@0.96.0", "", { "os": "win32", "cpu": "x64" }, "sha512-T2ijfqZLpV2bgGGocXV4SXTuMoouqN0asYTIm+7jVOLvT5XgDogf3ZvCmiEnSWmxl21+r5wHcs8voU2iUROXAg=="],

    "@oxc-parser/binding-linux-x64-gnu": ["@oxc-parser/binding-linux-x64-gnu@0.99.0", "", { "os": "linux", "cpu": "x64" }, "sha512-YVJMfk5cFWB8i2/nIrbk6n15bFkMHqWnMIWkVx7r2KwpTxHyFMfu2IpeVKo1ITDSmt5nBrGdLHD36QRlu2nDLg=="],

    "@oxc-project/types": ["@oxc-project/types@0.106.0", "", {}, "sha512-QdsH3rZq480VnOHSHgPYOhjL8O8LBdcnSjM408BpPCCUc0JYYZPG9Gafl9i3OcGk/7137o+gweb4cCv3WAUykg=="],

    "@oxc-resolver/binding-linux-x64-gnu": ["@oxc-resolver/binding-linux-x64-gnu@11.16.2", "", { "os": "linux", "cpu": "x64" }, "sha512-m0WcK0j54tSwWa+hQaJMScZdWneqE7xixp/vpFqlkbhuKW9dRHykPAFvSYg1YJ3MJgu9ZzVNpYHhPKJiEQq57Q=="],

    "@oxc-transform/binding-android-arm64": ["@oxc-transform/binding-android-arm64@0.96.0", "", { "os": "android", "cpu": "arm64" }, "sha512-wOm+ZsqFvyZ7B9RefUMsj0zcXw77Z2pXA51nbSQyPXqr+g0/pDGxriZWP8Sdpz/e4AEaKPA9DvrwyOZxu7GRDQ=="],

    "@oxc-transform/binding-darwin-arm64": ["@oxc-transform/binding-darwin-arm64@0.96.0", "", { "os": "darwin", "cpu": "arm64" }, "sha512-td1sbcvzsyuoNRiNdIRodPXRtFFwxzPpC/6/yIUtRRhKn30XQcizxupIvQQVpJWWchxkphbBDh6UN+u+2CJ8Zw=="],

    "@oxc-transform/binding-darwin-x64": ["@oxc-transform/binding-darwin-x64@0.96.0", "", { "os": "darwin", "cpu": "x64" }, "sha512-xgqxnqhPYH2NYkgbqtnCJfhbXvxIf/pnhF/ig5UBK8PYpCEWIP/cfLpQRQ9DcQnRfuxi7RMIF6LdmB1AiS6Fkg=="],

    "@oxc-transform/binding-freebsd-x64": ["@oxc-transform/binding-freebsd-x64@0.96.0", "", { "os": "freebsd", "cpu": "x64" }, "sha512-1i67OXdl/rvSkcTXqDlh6qGRXYseEmf0rl/R+/i88scZ/o3A+FzlX56sThuaPzSSv9eVgesnoYUjIBJELFc1oA=="],

    "@oxc-transform/binding-linux-arm-gnueabihf": ["@oxc-transform/binding-linux-arm-gnueabihf@0.96.0", "", { "os": "linux", "cpu": "arm" }, "sha512-9MJBs0SWODsqyzO3eAnacXgJ/sZu1xqinjEwBzkcZ3tQI8nKhMADOzu2NzbVWDWujeoC8DESXaO08tujvUru+Q=="],

    "@oxc-transform/binding-linux-arm-musleabihf": ["@oxc-transform/binding-linux-arm-musleabihf@0.96.0", "", { "os": "linux", "cpu": "arm" }, "sha512-BQom57I2ScccixljNYh2Wy+5oVZtF1LXiiUPxSLtDHbsanpEvV/+kzCagQpTjk1BVzSQzOxfEUWjvL7mY53pRQ=="],

    "@oxc-transform/binding-linux-arm64-gnu": ["@oxc-transform/binding-linux-arm64-gnu@0.96.0", "", { "os": "linux", "cpu": "arm64" }, "sha512-kaqvUzNu8LL4aBSXqcqGVLFG13GmJEplRI2+yqzkgAItxoP/LfFMdEIErlTWLGyBwd0OLiNMHrOvkcCQRWadVg=="],

    "@oxc-transform/binding-linux-arm64-musl": ["@oxc-transform/binding-linux-arm64-musl@0.96.0", "", { "os": "linux", "cpu": "arm64" }, "sha512-EiG/L3wEkPgTm4p906ufptyblBgtiQWTubGg/JEw82f8uLRroayr5zhbUqx40EgH037a3SfJthIyLZi7XPRFJw=="],

    "@oxc-transform/binding-linux-riscv64-gnu": ["@oxc-transform/binding-linux-riscv64-gnu@0.96.0", "", { "os": "linux", "cpu": "none" }, "sha512-r01CY6OxKGtVeYnvH4mGmtkQMlLkXdPWWNXwo5o7fE2s/fgZPMpqh8bAuXEhuMXipZRJrjxTk1+ZQ4KCHpMn3Q=="],

    "@oxc-transform/binding-linux-s390x-gnu": ["@oxc-transform/binding-linux-s390x-gnu@0.96.0", "", { "os": "linux", "cpu": "s390x" }, "sha512-4djg2vYLGbVeS8YiA2K4RPPpZE4fxTGCX5g/bOMbCYyirDbmBAIop4eOAj8vOA9i1CcWbDtmp+PVJ1dSw7f3IQ=="],

    "@oxc-transform/binding-linux-x64-gnu": ["@oxc-transform/binding-linux-x64-gnu@0.99.0", "", { "os": "linux", "cpu": "x64" }, "sha512-oF6MxCAmQBkgrgRJGlUtpYwUwAq9cOmTJ7hh9Ol27fyGM4NUGOPH2sjrUenlCJ3p3huYwkzUtg+WRqXoiyrc6Q=="],

    "@oxc-transform/binding-linux-x64-musl": ["@oxc-transform/binding-linux-x64-musl@0.96.0", "", { "os": "linux", "cpu": "x64" }, "sha512-NSiRtFvR7Pbhv3mWyPMkTK38czIjcnK0+K5STo3CuzZRVbX1TM17zGdHzKBUHZu7v6IQ6/XsQ3ELa1BlEHPGWQ=="],

    "@oxc-transform/binding-wasm32-wasi": ["@oxc-transform/binding-wasm32-wasi@0.96.0", "", { "dependencies": { "@napi-rs/wasm-runtime": "1.1.1" }, "cpu": "none" }, "sha512-A91ARLiuZHGN4hBds9s7bW3czUuLuHLsV+cz44iF9j8e1zX9m2hNGXf/acQRbg/zcFUXmjz5nmk8EkZyob876w=="],

    "@oxc-transform/binding-win32-arm64-msvc": ["@oxc-transform/binding-win32-arm64-msvc@0.96.0", "", { "os": "win32", "cpu": "arm64" }, "sha512-IedJf40djKgDObomhYjdRAlmSYUEdfqX3A3M9KfUltl9AghTBBLkTzUMA7O09oo71vYf5TEhbFM7+Vn5vqw7AQ=="],

    "@oxc-transform/binding-win32-x64-msvc": ["@oxc-transform/binding-win32-x64-msvc@0.96.0", "", { "os": "win32", "cpu": "x64" }, "sha512-0fI0P0W7bSO/GCP/N5dkmtB9vBqCA4ggo1WmXTnxNJVmFFOtcA1vYm1I9jl8fxo+sucW2WnlpnI4fjKdo3JKxA=="],

    "@rolldown/binding-android-arm64": ["@rolldown/binding-android-arm64@1.0.0-beta.58", "", { "os": "android", "cpu": "arm64" }, "sha512-mWj5eE4Qc8TbPdGGaaLvBb9XfDPvE1EmZkJQgiGKwchkWH4oAJcRAKMTw7ZHnb1L+t7Ah41sBkAecaIsuUgsug=="],

    "@rolldown/binding-darwin-arm64": ["@rolldown/binding-darwin-arm64@1.0.0-beta.58", "", { "os": "darwin", "cpu": "arm64" }, "sha512-wFxUymI/5R8bH8qZFYDfAxAN9CyISEIYke+95oZPiv6EWo88aa5rskjVcCpKA532R+klFmdqjbbaD56GNmTF4Q=="],

    "@rolldown/binding-darwin-x64": ["@rolldown/binding-darwin-x64@1.0.0-beta.58", "", { "os": "darwin", "cpu": "x64" }, "sha512-ybp3MkPj23VDV9PhtRwdU5qrGhlViWRV5BjKwO6epaSlUD5lW0WyY+roN3ZAzbma/9RrMTgZ/a/gtQq8YXOcqw=="],

    "@rolldown/binding-freebsd-x64": ["@rolldown/binding-freebsd-x64@1.0.0-beta.58", "", { "os": "freebsd", "cpu": "x64" }, "sha512-Evxj3yh7FWvyklUYZa0qTVT9N2zX9TPDqGF056hl8hlCZ9/ndQ2xMv6uw9PD1VlLpukbsqL+/C6M0qwipL0QMg=="],

    "@rolldown/binding-linux-arm-gnueabihf": ["@rolldown/binding-linux-arm-gnueabihf@1.0.0-beta.58", "", { "os": "linux", "cpu": "arm" }, "sha512-tYeXprDOrEgVHUbPXH6MPso4cM/c6RTkmJNICMQlYdki4hGMh92aj3yU6CKs+4X5gfG0yj5kVUw/L4M685SYag=="],

    "@rolldown/binding-linux-arm64-gnu": ["@rolldown/binding-linux-arm64-gnu@1.0.0-beta.58", "", { "os": "linux", "cpu": "arm64" }, "sha512-N78vmZzP6zG967Ohr+MasCjmKtis0geZ1SOVmxrA0/bklTQSzH5kHEjW5Qn+i1taFno6GEre1E40v0wuWsNOQw=="],

    "@rolldown/binding-linux-arm64-musl": ["@rolldown/binding-linux-arm64-musl@1.0.0-beta.58", "", { "os": "linux", "cpu": "arm64" }, "sha512-l+p4QVtG72C7wI2SIkNQw/KQtSjuYwS3rV6AKcWrRBF62ClsFUcif5vLaZIEbPrCXu5OFRXigXFJnxYsVVZqdQ=="],

    "@rolldown/binding-linux-x64-gnu": ["@rolldown/binding-linux-x64-gnu@1.0.0-beta.58", "", { "os": "linux", "cpu": "x64" }, "sha512-urzJX0HrXxIh0FfxwWRjfPCMeInU9qsImLQxHBgLp5ivji1EEUnOfux8KxPPnRQthJyneBrN2LeqUix9DYrNaQ=="],

    "@rolldown/binding-linux-x64-musl": ["@rolldown/binding-linux-x64-musl@1.0.0-beta.58", "", { "os": "linux", "cpu": "x64" }, "sha512-7ijfVK3GISnXIwq/1FZo+KyAUJjL3kWPJ7rViAL6MWeEBhEgRzJ0yEd9I8N9aut8Y8ab+EKFJyRNMWZuUBwQ0A=="],

    "@rolldown/binding-openharmony-arm64": ["@rolldown/binding-openharmony-arm64@1.0.0-beta.58", "", { "os": "none", "cpu": "arm64" }, "sha512-/m7sKZCS+cUULbzyJTIlv8JbjNohxbpAOA6cM+lgWgqVzPee3U6jpwydrib328JFN/gF9A99IZEnuGYqEDJdww=="],

    "@rolldown/binding-wasm32-wasi": ["@rolldown/binding-wasm32-wasi@1.0.0-beta.58", "", { "dependencies": { "@napi-rs/wasm-runtime": "1.1.1" }, "cpu": "none" }, "sha512-6SZk7zMgv+y3wFFQ9qE5P9NnRHcRsptL1ypmudD26PDY+PvFCvfHRkJNfclWnvacVGxjowr7JOL3a9fd1wWhUw=="],

    "@rolldown/binding-win32-arm64-msvc": ["@rolldown/binding-win32-arm64-msvc@1.0.0-beta.58", "", { "os": "win32", "cpu": "arm64" }, "sha512-sFqfYPnBZ6xBhMkadB7UD0yjEDRvs7ipR3nCggblN+N4ODCXY6qhg/bKL39+W+dgQybL7ErD4EGERVbW9DAWvg=="],

    "@rolldown/binding-win32-x64-msvc": ["@rolldown/binding-win32-x64-msvc@1.0.0-beta.58", "", { "os": "win32", "cpu": "x64" }, "sha512-AnFWJdAqB8+IDPcGrATYs67Kik/6tnndNJV2jGRmwlbeNiQQ8GhRJU8ETRlINfII0pqi9k4WWLnb00p1QCxw/Q=="],

    "@rolldown/pluginutils": ["@rolldown/pluginutils@1.0.0-beta.58", "", {}, "sha512-qWhDs6yFGR5xDfdrwiSa3CWGIHxD597uGE/A9xGqytBjANvh4rLCTTkq7szhMV4+Ygh+PMS90KVJ8xWG/TkX4w=="],

    "@tybys/wasm-util": ["@tybys/wasm-util@0.10.1", "", { "dependencies": { "tslib": "2.8.1" } }, "sha512-9tTaPJLSiejZKx+Bmog4uSubteqTvFrVrURwkmHixBo0G4seD0zUxp98E1DzUBJxLQ3NPwXrGKDiVjwx/DpPsg=="],

    "consola": ["consola@3.4.2", "", {}, "sha512-5IKcdX0nnYavi6G7TtOhwkYzyjfJlatbjMjuLSfE2kYT5pMDOilZ4OvMhi637CcDICTmz3wARPoyhqyX1Y+XvA=="],

    "crossws": ["crossws@0.4.1", "", { "optionalDependencies": { "srvx": "0.9.8" } }, "sha512-E7WKBcHVhAVrY6JYD5kteNqVq1GSZxqGrdSiwXR9at+XHi43HJoCQKXcCczR5LBnBquFZPsB3o7HklulKoBU5w=="],

    "db0": ["db0@0.3.4", "", {}, "sha512-RiXXi4WaNzPTHEOu8UPQKMooIbqOEyqA1t7Z6MsdxSCeb8iUC9ko3LcmsLmeUt2SM5bctfArZKkRQggKZz7JNw=="],

    "h3": ["h3@2.0.1-rc.5", "", { "dependencies": { "rou3": "0.7.12", "srvx": "0.9.8" }, "optionalDependencies": { "crossws": "0.4.1" } }, "sha512-qkohAzCab0nLzXNm78tBjZDvtKMTmtygS8BJLT3VPczAQofdqlFXDPkXdLMJN4r05+xqneG8snZJ0HgkERCZTg=="],

    "jiti": ["jiti@2.6.1", "", { "bin": { "jiti": "lib/jiti-cli.mjs" } }, "sha512-ekilCSN1jwRvIbgeg/57YFh8qQDNbwDb9xT/qu2DAHbFFZUicIl4ygVaAvzveMhMVr3LnpSKTNnwt8PoOfmKhQ=="],

    "nf3": ["nf3@0.1.12", "", {}, "sha512-qbMXT7RTGh74MYWPeqTIED8nDW70NXOULVHpdWcdZ7IVHVnAsMV9fNugSNnvooipDc1FMOzpis7T9nXJEbJhvQ=="],

    "nitro": ["nitro@3.0.1-alpha.1", "", { "dependencies": { "consola": "3.4.2", "crossws": "0.4.1", "db0": "0.3.4", "h3": "2.0.1-rc.5", "jiti": "2.6.1", "nf3": "0.1.12", "ofetch": "2.0.0-alpha.3", "ohash": "2.0.11", "oxc-minify": "0.96.0", "oxc-transform": "0.96.0", "srvx": "0.9.8", "undici": "7.16.0", "unenv": "2.0.0-rc.24", "unstorage": "2.0.0-alpha.4" }, "optionalDependencies": { "rolldown": "1.0.0-beta.58" }, "bin": { "nitro": "dist/cli/index.mjs" } }, "sha512-U4AxIsXxdkxzkFrK0XAw0e5Qbojk8jQ50MjjRBtBakC4HurTtQoiZvF+lSe382jhuQZCfAyywGWOFa9QzXLFaw=="],

    "ofetch": ["ofetch@2.0.0-alpha.3", "", {}, "sha512-zpYTCs2byOuft65vI3z43Dd6iSdFbOZZLb9/d21aCpx2rGastVU9dOCv0lu4ykc1Ur1anAYjDi3SUvR0vq50JA=="],

    "ohash": ["ohash@2.0.11", "", {}, "sha512-RdR9FQrFwNBNXAr4GixM8YaRZRJ5PUWbKYbE5eOsrwAjJW0q2REGcf79oYPsLyskQCZG1PLN+S/K1V00joZAoQ=="],

    "oxc-minify": ["oxc-minify@0.96.0", "", { "optionalDependencies": { "@oxc-minify/binding-android-arm64": "0.96.0", "@oxc-minify/binding-darwin-arm64": "0.96.0", "@oxc-minify/binding-darwin-x64": "0.96.0", "@oxc-minify/binding-freebsd-x64": "0.96.0", "@oxc-minify/binding-linux-arm-gnueabihf": "0.96.0", "@oxc-minify/binding-linux-arm-musleabihf": "0.96.0", "@oxc-minify/binding-linux-arm64-gnu": "0.96.0", "@oxc-minify/binding-linux-arm64-musl": "0.96.0", "@oxc-minify/binding-linux-riscv64-gnu": "0.96.0", "@oxc-minify/binding-linux-s390x-gnu": "0.96.0", "@oxc-minify/binding-linux-x64-gnu": "0.96.0", "@oxc-minify/binding-linux-x64-musl": "0.96.0", "@oxc-minify/binding-wasm32-wasi": "0.96.0", "@oxc-minify/binding-win32-arm64-msvc": "0.96.0", "@oxc-minify/binding-win32-x64-msvc": "0.96.0" } }, "sha512-dXeeGrfPJJ4rMdw+NrqiCRtbzVX2ogq//R0Xns08zql2HjV3Zi2SBJ65saqfDaJzd2bcHqvGWH+M44EQCHPAcA=="],

    "oxc-transform": ["oxc-transform@0.96.0", "", { "optionalDependencies": { "@oxc-transform/binding-android-arm64": "0.96.0", "@oxc-transform/binding-darwin-arm64": "0.96.0", "@oxc-transform/binding-darwin-x64": "0.96.0", "@oxc-transform/binding-freebsd-x64": "0.96.0", "@oxc-transform/binding-linux-arm-gnueabihf": "0.96.0", "@oxc-transform/binding-linux-arm-musleabihf": "0.96.0", "@oxc-transform/binding-linux-arm64-gnu": "0.96.0", "@oxc-transform/binding-linux-arm64-musl": "0.96.0", "@oxc-transform/binding-linux-riscv64-gnu": "0.96.0", "@oxc-transform/binding-linux-s390x-gnu": "0.96.0", "@oxc-transform/binding-linux-x64-gnu": "0.96.0", "@oxc-transform/binding-linux-x64-musl": "0.96.0", "@oxc-transform/binding-wasm32-wasi": "0.96.0", "@oxc-transform/binding-win32-arm64-msvc": "0.96.0", "@oxc-transform/binding-win32-x64-msvc": "0.96.0" } }, "sha512-dQPNIF+gHpSkmC0+Vg9IktNyhcn28Y8R3eTLyzn52UNymkasLicl3sFAtz7oEVuFmCpgGjaUTKkwk+jW2cHpDQ=="],

    "pathe": ["pathe@2.0.3", "", {}, "sha512-WUjGcAqP1gQacoQe+OBJsFA7Ld4DyXuUIjZ5cc75cLHvJ7dtNsTugphxIADwspS+AraAUePCKrSVtPLFj/F88w=="],

    "rolldown": ["rolldown@1.0.0-beta.58", "", { "dependencies": { "@oxc-project/types": "0.106.0", "@rolldown/pluginutils": "1.0.0-beta.58" }, "optionalDependencies": { "@rolldown/binding-android-arm64": "1.0.0-beta.58", "@rolldown/binding-darwin-arm64": "1.0.0-beta.58", "@rolldown/binding-darwin-x64": "1.0.0-beta.58", "@rolldown/binding-freebsd-x64": "1.0.0-beta.58", "@rolldown/binding-linux-arm-gnueabihf": "1.0.0-beta.58", "@rolldown/binding-linux-arm64-gnu": "1.0.0-beta.58", "@rolldown/binding-linux-arm64-musl": "1.0.0-beta.58", "@rolldown/binding-linux-x64-gnu": "1.0.0-beta.58", "@rolldown/binding-linux-x64-musl": "1.0.0-beta.58", "@rolldown/binding-openharmony-arm64": "1.0.0-beta.58", "@rolldown/binding-wasm32-wasi": "1.0.0-beta.58", "@rolldown/binding-win32-arm64-msvc": "1.0.0-beta.58", "@rolldown/binding-win32-x64-msvc": "1.0.0-beta.58" }, "bin": { "rolldown": "bin/cli.mjs" } }, "sha512-v1FCjMZCan7f+xGAHBi+mqiE4MlH7I+SXEHSQSJoMOGNNB2UYtvMiejsq9YuUOiZjNeUeV/a21nSFbrUR+4ZCQ=="],

    "rou3": ["rou3@0.7.12", "", {}, "sha512-iFE4hLDuloSWcD7mjdCDhx2bKcIsYbtOTpfH5MHHLSKMOUyjqQXTeZVa289uuwEGEKFoE/BAPbhaU4B774nceg=="],

    "srvx": ["srvx@0.9.8", "", { "bin": { "srvx": "bin/srvx.mjs" } }, "sha512-RZaxTKJEE/14HYn8COLuUOJAt0U55N9l1Xf6jj+T0GoA01EUH1Xz5JtSUOI+EHn+AEgPCVn7gk6jHJffrr06fQ=="],

    "tslib": ["tslib@2.8.1", "", {}, "sha512-oJFu94HQb+KVduSUQL7wnpmqnfmLsOA/nAh6b6EH0wCEoK0/mPeXU6c3wKDV83MkOuHPRHtSXKKU99IBazS/2w=="],

    "undici": ["undici@7.16.0", "", {}, "sha512-QEg3HPMll0o3t2ourKwOeUAZ159Kn9mx5pnzHRQO8+Wixmh88YdZRiIwat0iNzNNXn0yoEtXJqFpyW7eM8BV7g=="],

    "unenv": ["unenv@2.0.0-rc.24", "", { "dependencies": { "pathe": "2.0.3" } }, "sha512-i7qRCmY42zmCwnYlh9H2SvLEypEFGye5iRmEMKjcGi7zk9UquigRjFtTLz0TYqr0ZGLZhaMHl/foy1bZR+Cwlw=="],

    "unstorage": ["unstorage@2.0.0-alpha.4", "", { "optionalDependencies": { "db0": "0.3.4", "ofetch": "2.0.0-alpha.3" } }, "sha512-ywXZMZRfrvmO1giJeMTCw6VUn0ALYxVl8pFqJPStiyQUvgJImejtAHrKvXPj4QGJAoS/iLGcVGF6ljN/lkh1bw=="],

    "oxc-minify/@oxc-minify/binding-linux-x64-gnu": ["@oxc-minify/binding-linux-x64-gnu@0.96.0", "", { "os": "linux", "cpu": "x64" }, "sha512-UMM1jkns+p+WwwmdjC5giI3SfR2BCTga18x3C0cAu6vDVf4W37uTZeTtSIGmwatTBbgiq++Te24/DE0oCdm1iQ=="],

    "oxc-transform/@oxc-transform/binding-linux-x64-gnu": ["@oxc-transform/binding-linux-x64-gnu@0.96.0", "", { "os": "linux", "cpu": "x64" }, "sha512-f6pcWVz57Y8jXa2OS7cz3aRNuks34Q3j61+3nQ4xTE8H1KbalcEvHNmM92OEddaJ8QLs9YcE0kUC6eDTbY34+A=="],
  }
}
