lockfileVersion: '9.0'

settings:
  autoInstallPeers: true
  excludeLinksFromLockfile: false

importers:

  .:
    devDependencies:
      nitro:
        specifier: ^3.0.1-alpha.1
        version: 3.0.1-alpha.1(rolldown@1.0.0-beta.58)
      oxc-transform:
        specifier: ^0.96.0
        version: 0.96.0
      rolldown:
        specifier: ^1.0.0-beta.57
        version: 1.0.0-beta.58

packages:

  '@emnapi/core@1.7.1':
    resolution: {integrity: sha512-o1uhUASyo921r2XtHYOHy7gdkGLge8ghBEQHMWmyJFoXlpU58kIrhhN3w26lpQb6dspetweapMn2CSNwQ8I4wg==}

  '@emnapi/runtime@1.7.1':
    resolution: {integrity: sha512-PVtJr5CmLwYAU9PZDMITZoR5iAOShYREoR45EyyLrbntV50mdePTgUn4AmOw90Ifcj+x2kRjdzr1HP3RrNiHGA==}

  '@emnapi/wasi-threads@1.1.0':
    resolution: {integrity: sha512-WI0DdZ8xFSbgMjR1sFsKABJ/C5OnRrjT06JXbZKexJGrDuPTzZdDYfFlsgcCXCyf+suG5QU2e/y1Wo2V/OapLQ==}

  '@napi-rs/wasm-runtime@1.1.1':
    resolution: {integrity: sha512-p64ah1M1ld8xjWv3qbvFwHiFVWrq1yFvV4f7w+mzaqiR4IlSgkqhcRdHwsGgomwzBH51sRY4NEowLxnaBjcW/A==}

  '@oxc-minify/binding-android-arm64@0.96.0':
    resolution: {integrity: sha512-lzeIEMu/v6Y+La5JSesq4hvyKtKBq84cgQpKYTYM/yGuNk2tfd5Ha31hnC+mTh48lp/5vZH+WBfjVUjjINCfug==}
    engines: {node: ^20.19.0 || >=22.12.0}
    cpu: [arm64]
    os: [android]

  '@oxc-minify/binding-darwin-arm64@0.96.0':
    resolution: {integrity: sha512-i0LkJAUXb4BeBFrJQbMKQPoxf8+cFEffDyLSb7NEzzKuPcH8qrVsnEItoOzeAdYam8Sr6qCHVwmBNEQzl7PWpw==}
    engines: {node: ^20.19.0 || >=22.12.0}
    cpu: [arm64]
    os: [darwin]

  '@oxc-minify/binding-darwin-x64@0.96.0':
    resolution: {integrity: sha512-C5vI0WPR+KPIFAD5LMOJk2J8iiT+Nv65vDXmemzXEXouzfEOLYNqnW+u6NSsccpuZHHWAiLyPFkYvKFduveAUQ==}
    engines: {node: ^20.19.0 || >=22.12.0}
    cpu: [x64]
    os: [darwin]

  '@oxc-minify/binding-freebsd-x64@0.96.0':
    resolution: {integrity: sha512-3//5DNx+xUjVBMLLk2sl6hfe4fwfENJtjVQUBXjxzwPuv8xgZUqASG4cRG3WqG5Qe8dV6SbCI4EgKQFjO4KCZA==}
    engines: {node: ^20.19.0 || >=22.12.0}
    cpu: [x64]
    os: [freebsd]

  '@oxc-minify/binding-linux-arm-gnueabihf@0.96.0':
    resolution: {integrity: sha512-WXChFKV7VdDk1NePDK1J31cpSvxACAVztJ7f7lJVYBTkH+iz5D0lCqPcE7a9eb7nC3xvz4yk7DM6dA9wlUQkQg==}
    engines: {node: ^20.19.0 || >=22.12.0}
    cpu: [arm]
    os: [linux]

  '@oxc-minify/binding-linux-arm-musleabihf@0.96.0':
    resolution: {integrity: sha512-7B18glYMX4Z/YoqgE3VRLs/2YhVLxlxNKSgrtsRpuR8xv58xca+hEhiFwZN1Rn+NSMZ29Z33LWD7iYWnqYFvRA==}
    engines: {node: ^20.19.0 || >=22.12.0}
    cpu: [arm]
    os: [linux]

  '@oxc-minify/binding-linux-arm64-gnu@0.96.0':
    resolution: {integrity: sha512-Yl+KcTldsEJNcaYxxonwAXZ2q3gxIzn3kXYQWgKWdaGIpNhOCWqF+KE5WLsldoh5Ro5SHtomvb8GM6cXrIBMog==}
    engines: {node: ^20.19.0 || >=22.12.0}
    cpu: [arm64]
    os: [linux]

  '@oxc-minify/binding-linux-arm64-musl@0.96.0':
    resolution: {integrity: sha512-rNqoFWOWaxwMmUY5fspd/h5HfvgUlA3sv9CUdA2MpnHFiyoJNovR7WU8tGh+Yn0qOAs0SNH0a05gIthHig14IA==}
    engines: {node: ^20.19.0 || >=22.12.0}
    cpu: [arm64]
    os: [linux]

  '@oxc-minify/binding-linux-riscv64-gnu@0.96.0':
    resolution: {integrity: sha512-3paajIuzGnukHwSI3YBjYVqbd72pZd8NJxaayaNFR0AByIm8rmIT5RqFXbq8j2uhtpmNdZRXiu0em1zOmIScWA==}
    engines: {node: ^20.19.0 || >=22.12.0}
    cpu: [riscv64]
    os: [linux]

  '@oxc-minify/binding-linux-s390x-gnu@0.96.0':
    resolution: {integrity: sha512-9ESrpkB2XG0lQ89JlsxlZa86iQCOs+jkDZLl6O+u5wb7ynUy21bpJJ1joauCOSYIOUlSy3+LbtJLiqi7oSQt5Q==}
    engines: {node: ^20.19.0 || >=22.12.0}
    cpu: [s390x]
    os: [linux]

  '@oxc-minify/binding-linux-x64-gnu@0.96.0':
    resolution: {integrity: sha512-UMM1jkns+p+WwwmdjC5giI3SfR2BCTga18x3C0cAu6vDVf4W37uTZeTtSIGmwatTBbgiq++Te24/DE0oCdm1iQ==}
    engines: {node: ^20.19.0 || >=22.12.0}
    cpu: [x64]
    os: [linux]

  '@oxc-minify/binding-linux-x64-musl@0.96.0':
    resolution: {integrity: sha512-8b1naiC7MdP7xeMi7cQ5tb9W1rZAP9Qz/jBRqp1Y5EOZ1yhSGnf1QWuZ/0pCc+XiB9vEHXEY3Aki/H+86m2eOg==}
    engines: {node: ^20.19.0 || >=22.12.0}
    cpu: [x64]
    os: [linux]

  '@oxc-minify/binding-wasm32-wasi@0.96.0':
    resolution: {integrity: sha512-bjGDjkGzo3GWU9Vg2qiFUrfoo5QxojPNV/2RHTlbIB5FWkkV4ExVjsfyqihFiAuj0NXIZqd2SAiEq9htVd3RFw==}
    engines: {node: '>=14.0.0'}
    cpu: [wasm32]

  '@oxc-minify/binding-win32-arm64-msvc@0.96.0':
    resolution: {integrity: sha512-4L4DlHUT47qMWQuTyUghpncR3NZHWtxvd0G1KgSjVgXf+cXzFdWQCWZZtCU0yrmOoVCNUf4S04IFCJyAe+Ie7A==}
    engines: {node: ^20.19.0 || >=22.12.0}
    cpu: [arm64]
    os: [win32]

  '@oxc-minify/binding-win32-x64-msvc@0.96.0':
    resolution: {integrity: sha512-T2ijfqZLpV2bgGGocXV4SXTuMoouqN0asYTIm+7jVOLvT5XgDogf3ZvCmiEnSWmxl21+r5wHcs8voU2iUROXAg==}
    engines: {node: ^20.19.0 || >=22.12.0}
    cpu: [x64]
    os: [win32]

  '@oxc-project/types@0.106.0':
    resolution: {integrity: sha512-QdsH3rZq480VnOHSHgPYOhjL8O8LBdcnSjM408BpPCCUc0JYYZPG9Gafl9i3OcGk/7137o+gweb4cCv3WAUykg==}

  '@oxc-transform/binding-android-arm64@0.96.0':
    resolution: {integrity: sha512-wOm+ZsqFvyZ7B9RefUMsj0zcXw77Z2pXA51nbSQyPXqr+g0/pDGxriZWP8Sdpz/e4AEaKPA9DvrwyOZxu7GRDQ==}
    engines: {node: ^20.19.0 || >=22.12.0}
    cpu: [arm64]
    os: [android]

  '@oxc-transform/binding-darwin-arm64@0.96.0':
    resolution: {integrity: sha512-td1sbcvzsyuoNRiNdIRodPXRtFFwxzPpC/6/yIUtRRhKn30XQcizxupIvQQVpJWWchxkphbBDh6UN+u+2CJ8Zw==}
    engines: {node: ^20.19.0 || >=22.12.0}
    cpu: [arm64]
    os: [darwin]

  '@oxc-transform/binding-darwin-x64@0.96.0':
    resolution: {integrity: sha512-xgqxnqhPYH2NYkgbqtnCJfhbXvxIf/pnhF/ig5UBK8PYpCEWIP/cfLpQRQ9DcQnRfuxi7RMIF6LdmB1AiS6Fkg==}
    engines: {node: ^20.19.0 || >=22.12.0}
    cpu: [x64]
    os: [darwin]

  '@oxc-transform/binding-freebsd-x64@0.96.0':
    resolution: {integrity: sha512-1i67OXdl/rvSkcTXqDlh6qGRXYseEmf0rl/R+/i88scZ/o3A+FzlX56sThuaPzSSv9eVgesnoYUjIBJELFc1oA==}
    engines: {node: ^20.19.0 || >=22.12.0}
    cpu: [x64]
    os: [freebsd]

  '@oxc-transform/binding-linux-arm-gnueabihf@0.96.0':
    resolution: {integrity: sha512-9MJBs0SWODsqyzO3eAnacXgJ/sZu1xqinjEwBzkcZ3tQI8nKhMADOzu2NzbVWDWujeoC8DESXaO08tujvUru+Q==}
    engines: {node: ^20.19.0 || >=22.12.0}
    cpu: [arm]
    os: [linux]

  '@oxc-transform/binding-linux-arm-musleabihf@0.96.0':
    resolution: {integrity: sha512-BQom57I2ScccixljNYh2Wy+5oVZtF1LXiiUPxSLtDHbsanpEvV/+kzCagQpTjk1BVzSQzOxfEUWjvL7mY53pRQ==}
    engines: {node: ^20.19.0 || >=22.12.0}
    cpu: [arm]
    os: [linux]

  '@oxc-transform/binding-linux-arm64-gnu@0.96.0':
    resolution: {integrity: sha512-kaqvUzNu8LL4aBSXqcqGVLFG13GmJEplRI2+yqzkgAItxoP/LfFMdEIErlTWLGyBwd0OLiNMHrOvkcCQRWadVg==}
    engines: {node: ^20.19.0 || >=22.12.0}
    cpu: [arm64]
    os: [linux]

  '@oxc-transform/binding-linux-arm64-musl@0.96.0':
    resolution: {integrity: sha512-EiG/L3wEkPgTm4p906ufptyblBgtiQWTubGg/JEw82f8uLRroayr5zhbUqx40EgH037a3SfJthIyLZi7XPRFJw==}
    engines: {node: ^20.19.0 || >=22.12.0}
    cpu: [arm64]
    os: [linux]

  '@oxc-transform/binding-linux-riscv64-gnu@0.96.0':
    resolution: {integrity: sha512-r01CY6OxKGtVeYnvH4mGmtkQMlLkXdPWWNXwo5o7fE2s/fgZPMpqh8bAuXEhuMXipZRJrjxTk1+ZQ4KCHpMn3Q==}
    engines: {node: ^20.19.0 || >=22.12.0}
    cpu: [riscv64]
    os: [linux]

  '@oxc-transform/binding-linux-s390x-gnu@0.96.0':
    resolution: {integrity: sha512-4djg2vYLGbVeS8YiA2K4RPPpZE4fxTGCX5g/bOMbCYyirDbmBAIop4eOAj8vOA9i1CcWbDtmp+PVJ1dSw7f3IQ==}
    engines: {node: ^20.19.0 || >=22.12.0}
    cpu: [s390x]
    os: [linux]

  '@oxc-transform/binding-linux-x64-gnu@0.96.0':
    resolution: {integrity: sha512-f6pcWVz57Y8jXa2OS7cz3aRNuks34Q3j61+3nQ4xTE8H1KbalcEvHNmM92OEddaJ8QLs9YcE0kUC6eDTbY34+A==}
    engines: {node: ^20.19.0 || >=22.12.0}
    cpu: [x64]
    os: [linux]

  '@oxc-transform/binding-linux-x64-musl@0.96.0':
    resolution: {integrity: sha512-NSiRtFvR7Pbhv3mWyPMkTK38czIjcnK0+K5STo3CuzZRVbX1TM17zGdHzKBUHZu7v6IQ6/XsQ3ELa1BlEHPGWQ==}
    engines: {node: ^20.19.0 || >=22.12.0}
    cpu: [x64]
    os: [linux]

  '@oxc-transform/binding-wasm32-wasi@0.96.0':
    resolution: {integrity: sha512-A91ARLiuZHGN4hBds9s7bW3czUuLuHLsV+cz44iF9j8e1zX9m2hNGXf/acQRbg/zcFUXmjz5nmk8EkZyob876w==}
    engines: {node: '>=14.0.0'}
    cpu: [wasm32]

  '@oxc-transform/binding-win32-arm64-msvc@0.96.0':
    resolution: {integrity: sha512-IedJf40djKgDObomhYjdRAlmSYUEdfqX3A3M9KfUltl9AghTBBLkTzUMA7O09oo71vYf5TEhbFM7+Vn5vqw7AQ==}
    engines: {node: ^20.19.0 || >=22.12.0}
    cpu: [arm64]
    os: [win32]

  '@oxc-transform/binding-win32-x64-msvc@0.96.0':
    resolution: {integrity: sha512-0fI0P0W7bSO/GCP/N5dkmtB9vBqCA4ggo1WmXTnxNJVmFFOtcA1vYm1I9jl8fxo+sucW2WnlpnI4fjKdo3JKxA==}
    engines: {node: ^20.19.0 || >=22.12.0}
    cpu: [x64]
    os: [win32]

  '@rolldown/binding-android-arm64@1.0.0-beta.58':
    resolution: {integrity: sha512-mWj5eE4Qc8TbPdGGaaLvBb9XfDPvE1EmZkJQgiGKwchkWH4oAJcRAKMTw7ZHnb1L+t7Ah41sBkAecaIsuUgsug==}
    engines: {node: ^20.19.0 || >=22.12.0}
    cpu: [arm64]
    os: [android]

  '@rolldown/binding-darwin-arm64@1.0.0-beta.58':
    resolution: {integrity: sha512-wFxUymI/5R8bH8qZFYDfAxAN9CyISEIYke+95oZPiv6EWo88aa5rskjVcCpKA532R+klFmdqjbbaD56GNmTF4Q==}
    engines: {node: ^20.19.0 || >=22.12.0}
    cpu: [arm64]
    os: [darwin]

  '@rolldown/binding-darwin-x64@1.0.0-beta.58':
    resolution: {integrity: sha512-ybp3MkPj23VDV9PhtRwdU5qrGhlViWRV5BjKwO6epaSlUD5lW0WyY+roN3ZAzbma/9RrMTgZ/a/gtQq8YXOcqw==}
    engines: {node: ^20.19.0 || >=22.12.0}
    cpu: [x64]
    os: [darwin]

  '@rolldown/binding-freebsd-x64@1.0.0-beta.58':
    resolution: {integrity: sha512-Evxj3yh7FWvyklUYZa0qTVT9N2zX9TPDqGF056hl8hlCZ9/ndQ2xMv6uw9PD1VlLpukbsqL+/C6M0qwipL0QMg==}
    engines: {node: ^20.19.0 || >=22.12.0}
    cpu: [x64]
    os: [freebsd]

  '@rolldown/binding-linux-arm-gnueabihf@1.0.0-beta.58':
    resolution: {integrity: sha512-tYeXprDOrEgVHUbPXH6MPso4cM/c6RTkmJNICMQlYdki4hGMh92aj3yU6CKs+4X5gfG0yj5kVUw/L4M685SYag==}
    engines: {node: ^20.19.0 || >=22.12.0}
    cpu: [arm]
    os: [linux]

  '@rolldown/binding-linux-arm64-gnu@1.0.0-beta.58':
    resolution: {integrity: sha512-N78vmZzP6zG967Ohr+MasCjmKtis0geZ1SOVmxrA0/bklTQSzH5kHEjW5Qn+i1taFno6GEre1E40v0wuWsNOQw==}
    engines: {node: ^20.19.0 || >=22.12.0}
    cpu: [arm64]
    os: [linux]

  '@rolldown/binding-linux-arm64-musl@1.0.0-beta.58':
    resolution: {integrity: sha512-l+p4QVtG72C7wI2SIkNQw/KQtSjuYwS3rV6AKcWrRBF62ClsFUcif5vLaZIEbPrCXu5OFRXigXFJnxYsVVZqdQ==}
    engines: {node: ^20.19.0 || >=22.12.0}
    cpu: [arm64]
    os: [linux]

  '@rolldown/binding-linux-x64-gnu@1.0.0-beta.58':
    resolution: {integrity: sha512-urzJX0HrXxIh0FfxwWRjfPCMeInU9qsImLQxHBgLp5ivji1EEUnOfux8KxPPnRQthJyneBrN2LeqUix9DYrNaQ==}
    engines: {node: ^20.19.0 || >=22.12.0}
    cpu: [x64]
    os: [linux]

  '@rolldown/binding-linux-x64-musl@1.0.0-beta.58':
    resolution: {integrity: sha512-7ijfVK3GISnXIwq/1FZo+KyAUJjL3kWPJ7rViAL6MWeEBhEgRzJ0yEd9I8N9aut8Y8ab+EKFJyRNMWZuUBwQ0A==}
    engines: {node: ^20.19.0 || >=22.12.0}
    cpu: [x64]
    os: [linux]

  '@rolldown/binding-openharmony-arm64@1.0.0-beta.58':
    resolution: {integrity: sha512-/m7sKZCS+cUULbzyJTIlv8JbjNohxbpAOA6cM+lgWgqVzPee3U6jpwydrib328JFN/gF9A99IZEnuGYqEDJdww==}
    engines: {node: ^20.19.0 || >=22.12.0}
    cpu: [arm64]
    os: [openharmony]

  '@rolldown/binding-wasm32-wasi@1.0.0-beta.58':
    resolution: {integrity: sha512-6SZk7zMgv+y3wFFQ9qE5P9NnRHcRsptL1ypmudD26PDY+PvFCvfHRkJNfclWnvacVGxjowr7JOL3a9fd1wWhUw==}
    engines: {node: '>=14.0.0'}
    cpu: [wasm32]

  '@rolldown/binding-win32-arm64-msvc@1.0.0-beta.58':
    resolution: {integrity: sha512-sFqfYPnBZ6xBhMkadB7UD0yjEDRvs7ipR3nCggblN+N4ODCXY6qhg/bKL39+W+dgQybL7ErD4EGERVbW9DAWvg==}
    engines: {node: ^20.19.0 || >=22.12.0}
    cpu: [arm64]
    os: [win32]

  '@rolldown/binding-win32-x64-msvc@1.0.0-beta.58':
    resolution: {integrity: sha512-AnFWJdAqB8+IDPcGrATYs67Kik/6tnndNJV2jGRmwlbeNiQQ8GhRJU8ETRlINfII0pqi9k4WWLnb00p1QCxw/Q==}
    engines: {node: ^20.19.0 || >=22.12.0}
    cpu: [x64]
    os: [win32]

  '@rolldown/pluginutils@1.0.0-beta.58':
    resolution: {integrity: sha512-qWhDs6yFGR5xDfdrwiSa3CWGIHxD597uGE/A9xGqytBjANvh4rLCTTkq7szhMV4+Ygh+PMS90KVJ8xWG/TkX4w==}

  '@tybys/wasm-util@0.10.1':
    resolution: {integrity: sha512-9tTaPJLSiejZKx+Bmog4uSubteqTvFrVrURwkmHixBo0G4seD0zUxp98E1DzUBJxLQ3NPwXrGKDiVjwx/DpPsg==}

  consola@3.4.2:
    resolution: {integrity: sha512-5IKcdX0nnYavi6G7TtOhwkYzyjfJlatbjMjuLSfE2kYT5pMDOilZ4OvMhi637CcDICTmz3wARPoyhqyX1Y+XvA==}
    engines: {node: ^14.18.0 || >=16.10.0}

  crossws@0.4.1:
    resolution: {integrity: sha512-E7WKBcHVhAVrY6JYD5kteNqVq1GSZxqGrdSiwXR9at+XHi43HJoCQKXcCczR5LBnBquFZPsB3o7HklulKoBU5w==}
    peerDependencies:
      srvx: '>=0.7.1'
    peerDependenciesMeta:
      srvx:
        optional: true

  db0@0.3.4:
    resolution: {integrity: sha512-RiXXi4WaNzPTHEOu8UPQKMooIbqOEyqA1t7Z6MsdxSCeb8iUC9ko3LcmsLmeUt2SM5bctfArZKkRQggKZz7JNw==}
    peerDependencies:
      '@electric-sql/pglite': '*'
      '@libsql/client': '*'
      better-sqlite3: '*'
      drizzle-orm: '*'
      mysql2: '*'
      sqlite3: '*'
    peerDependenciesMeta:
      '@electric-sql/pglite':
        optional: true
      '@libsql/client':
        optional: true
      better-sqlite3:
        optional: true
      drizzle-orm:
        optional: true
      mysql2:
        optional: true
      sqlite3:
        optional: true

  h3@2.0.1-rc.5:
    resolution: {integrity: sha512-qkohAzCab0nLzXNm78tBjZDvtKMTmtygS8BJLT3VPczAQofdqlFXDPkXdLMJN4r05+xqneG8snZJ0HgkERCZTg==}
    engines: {node: '>=20.11.1'}
    peerDependencies:
      crossws: ^0.4.1
    peerDependenciesMeta:
      crossws:
        optional: true

  jiti@2.6.1:
    resolution: {integrity: sha512-ekilCSN1jwRvIbgeg/57YFh8qQDNbwDb9xT/qu2DAHbFFZUicIl4ygVaAvzveMhMVr3LnpSKTNnwt8PoOfmKhQ==}
    hasBin: true

  nf3@0.1.12:
    resolution: {integrity: sha512-qbMXT7RTGh74MYWPeqTIED8nDW70NXOULVHpdWcdZ7IVHVnAsMV9fNugSNnvooipDc1FMOzpis7T9nXJEbJhvQ==}

  nitro@3.0.1-alpha.1:
    resolution: {integrity: sha512-U4AxIsXxdkxzkFrK0XAw0e5Qbojk8jQ50MjjRBtBakC4HurTtQoiZvF+lSe382jhuQZCfAyywGWOFa9QzXLFaw==}
    engines: {node: ^20.19.0 || >=22.12.0}
    hasBin: true
    peerDependencies:
      rolldown: '*'
      rollup: ^4
      vite: ^7
      xml2js: ^0.6.2
    peerDependenciesMeta:
      rolldown:
        optional: true
      rollup:
        optional: true
      vite:
        optional: true
      xml2js:
        optional: true

  ofetch@2.0.0-alpha.3:
    resolution: {integrity: sha512-zpYTCs2byOuft65vI3z43Dd6iSdFbOZZLb9/d21aCpx2rGastVU9dOCv0lu4ykc1Ur1anAYjDi3SUvR0vq50JA==}

  ohash@2.0.11:
    resolution: {integrity: sha512-RdR9FQrFwNBNXAr4GixM8YaRZRJ5PUWbKYbE5eOsrwAjJW0q2REGcf79oYPsLyskQCZG1PLN+S/K1V00joZAoQ==}

  oxc-minify@0.96.0:
    resolution: {integrity: sha512-dXeeGrfPJJ4rMdw+NrqiCRtbzVX2ogq//R0Xns08zql2HjV3Zi2SBJ65saqfDaJzd2bcHqvGWH+M44EQCHPAcA==}
    engines: {node: ^20.19.0 || >=22.12.0}

  oxc-transform@0.96.0:
    resolution: {integrity: sha512-dQPNIF+gHpSkmC0+Vg9IktNyhcn28Y8R3eTLyzn52UNymkasLicl3sFAtz7oEVuFmCpgGjaUTKkwk+jW2cHpDQ==}
    engines: {node: ^20.19.0 || >=22.12.0}

  pathe@2.0.3:
    resolution: {integrity: sha512-WUjGcAqP1gQacoQe+OBJsFA7Ld4DyXuUIjZ5cc75cLHvJ7dtNsTugphxIADwspS+AraAUePCKrSVtPLFj/F88w==}

  rolldown@1.0.0-beta.58:
    resolution: {integrity: sha512-v1FCjMZCan7f+xGAHBi+mqiE4MlH7I+SXEHSQSJoMOGNNB2UYtvMiejsq9YuUOiZjNeUeV/a21nSFbrUR+4ZCQ==}
    engines: {node: ^20.19.0 || >=22.12.0}
    hasBin: true

  rou3@0.7.12:
    resolution: {integrity: sha512-iFE4hLDuloSWcD7mjdCDhx2bKcIsYbtOTpfH5MHHLSKMOUyjqQXTeZVa289uuwEGEKFoE/BAPbhaU4B774nceg==}

  srvx@0.9.8:
    resolution: {integrity: sha512-RZaxTKJEE/14HYn8COLuUOJAt0U55N9l1Xf6jj+T0GoA01EUH1Xz5JtSUOI+EHn+AEgPCVn7gk6jHJffrr06fQ==}
    engines: {node: '>=20.16.0'}
    hasBin: true

  tslib@2.8.1:
    resolution: {integrity: sha512-oJFu94HQb+KVduSUQL7wnpmqnfmLsOA/nAh6b6EH0wCEoK0/mPeXU6c3wKDV83MkOuHPRHtSXKKU99IBazS/2w==}

  undici@7.16.0:
    resolution: {integrity: sha512-QEg3HPMll0o3t2ourKwOeUAZ159Kn9mx5pnzHRQO8+Wixmh88YdZRiIwat0iNzNNXn0yoEtXJqFpyW7eM8BV7g==}
    engines: {node: '>=20.18.1'}

  unenv@2.0.0-rc.24:
    resolution: {integrity: sha512-i7qRCmY42zmCwnYlh9H2SvLEypEFGye5iRmEMKjcGi7zk9UquigRjFtTLz0TYqr0ZGLZhaMHl/foy1bZR+Cwlw==}

  unstorage@2.0.0-alpha.4:
    resolution: {integrity: sha512-ywXZMZRfrvmO1giJeMTCw6VUn0ALYxVl8pFqJPStiyQUvgJImejtAHrKvXPj4QGJAoS/iLGcVGF6ljN/lkh1bw==}
    peerDependencies:
      '@azure/app-configuration': ^1.8.0
      '@azure/cosmos': ^4.2.0
      '@azure/data-tables': ^13.3.0
      '@azure/identity': ^4.6.0
      '@azure/keyvault-secrets': ^4.9.0
      '@azure/storage-blob': ^12.26.0
      '@capacitor/preferences': ^6.0.3 || ^7.0.0
      '@deno/kv': '>=0.9.0'
      '@netlify/blobs': ^6.5.0 || ^7.0.0 || ^8.1.0 || ^9.0.0 || ^10.0.0
      '@planetscale/database': ^1.19.0
      '@upstash/redis': ^1.34.3
      '@vercel/blob': '>=0.27.1'
      '@vercel/functions': ^2.2.12 || ^3.0.0
      '@vercel/kv': ^1.0.1
      aws4fetch: ^1.0.20
      chokidar: ^4.0.3
      db0: '>=0.2.1'
      idb-keyval: ^6.2.1
      ioredis: ^5.4.2
      lru-cache: ^11.2.2
      mongodb: ^6.20.0
      ofetch: '*'
      uploadthing: ^7.4.4
    peerDependenciesMeta:
      '@azure/app-configuration':
        optional: true
      '@azure/cosmos':
        optional: true
      '@azure/data-tables':
        optional: true
      '@azure/identity':
        optional: true
      '@azure/keyvault-secrets':
        optional: true
      '@azure/storage-blob':
        optional: true
      '@capacitor/preferences':
        optional: true
      '@deno/kv':
        optional: true
      '@netlify/blobs':
        optional: true
      '@planetscale/database':
        optional: true
      '@upstash/redis':
        optional: true
      '@vercel/blob':
        optional: true
      '@vercel/functions':
        optional: true
      '@vercel/kv':
        optional: true
      aws4fetch:
        optional: true
      chokidar:
        optional: true
      db0:
        optional: true
      idb-keyval:
        optional: true
      ioredis:
        optional: true
      lru-cache:
        optional: true
      mongodb:
        optional: true
      ofetch:
        optional: true
      uploadthing:
        optional: true

snapshots:

  '@emnapi/core@1.7.1':
    dependencies:
      '@emnapi/wasi-threads': 1.1.0
      tslib: 2.8.1
    optional: true

  '@emnapi/runtime@1.7.1':
    dependencies:
      tslib: 2.8.1
    optional: true

  '@emnapi/wasi-threads@1.1.0':
    dependencies:
      tslib: 2.8.1
    optional: true

  '@napi-rs/wasm-runtime@1.1.1':
    dependencies:
      '@emnapi/core': 1.7.1
      '@emnapi/runtime': 1.7.1
      '@tybys/wasm-util': 0.10.1
    optional: true

  '@oxc-minify/binding-android-arm64@0.96.0':
    optional: true

  '@oxc-minify/binding-darwin-arm64@0.96.0':
    optional: true

  '@oxc-minify/binding-darwin-x64@0.96.0':
    optional: true

  '@oxc-minify/binding-freebsd-x64@0.96.0':
    optional: true

  '@oxc-minify/binding-linux-arm-gnueabihf@0.96.0':
    optional: true

  '@oxc-minify/binding-linux-arm-musleabihf@0.96.0':
    optional: true

  '@oxc-minify/binding-linux-arm64-gnu@0.96.0':
    optional: true

  '@oxc-minify/binding-linux-arm64-musl@0.96.0':
    optional: true

  '@oxc-minify/binding-linux-riscv64-gnu@0.96.0':
    optional: true

  '@oxc-minify/binding-linux-s390x-gnu@0.96.0':
    optional: true

  '@oxc-minify/binding-linux-x64-gnu@0.96.0':
    optional: true

  '@oxc-minify/binding-linux-x64-musl@0.96.0':
    optional: true

  '@oxc-minify/binding-wasm32-wasi@0.96.0':
    dependencies:
      '@napi-rs/wasm-runtime': 1.1.1
    optional: true

  '@oxc-minify/binding-win32-arm64-msvc@0.96.0':
    optional: true

  '@oxc-minify/binding-win32-x64-msvc@0.96.0':
    optional: true

  '@oxc-project/types@0.106.0': {}

  '@oxc-transform/binding-android-arm64@0.96.0':
    optional: true

  '@oxc-transform/binding-darwin-arm64@0.96.0':
    optional: true

  '@oxc-transform/binding-darwin-x64@0.96.0':
    optional: true

  '@oxc-transform/binding-freebsd-x64@0.96.0':
    optional: true

  '@oxc-transform/binding-linux-arm-gnueabihf@0.96.0':
    optional: true

  '@oxc-transform/binding-linux-arm-musleabihf@0.96.0':
    optional: true

  '@oxc-transform/binding-linux-arm64-gnu@0.96.0':
    optional: true

  '@oxc-transform/binding-linux-arm64-musl@0.96.0':
    optional: true

  '@oxc-transform/binding-linux-riscv64-gnu@0.96.0':
    optional: true

  '@oxc-transform/binding-linux-s390x-gnu@0.96.0':
    optional: true

  '@oxc-transform/binding-linux-x64-gnu@0.96.0':
    optional: true

  '@oxc-transform/binding-linux-x64-musl@0.96.0':
    optional: true

  '@oxc-transform/binding-wasm32-wasi@0.96.0':
    dependencies:
      '@napi-rs/wasm-runtime': 1.1.1
    optional: true

  '@oxc-transform/binding-win32-arm64-msvc@0.96.0':
    optional: true

  '@oxc-transform/binding-win32-x64-msvc@0.96.0':
    optional: true

  '@rolldown/binding-android-arm64@1.0.0-beta.58':
    optional: true

  '@rolldown/binding-darwin-arm64@1.0.0-beta.58':
    optional: true

  '@rolldown/binding-darwin-x64@1.0.0-beta.58':
    optional: true

  '@rolldown/binding-freebsd-x64@1.0.0-beta.58':
    optional: true

  '@rolldown/binding-linux-arm-gnueabihf@1.0.0-beta.58':
    optional: true

  '@rolldown/binding-linux-arm64-gnu@1.0.0-beta.58':
    optional: true

  '@rolldown/binding-linux-arm64-musl@1.0.0-beta.58':
    optional: true

  '@rolldown/binding-linux-x64-gnu@1.0.0-beta.58':
    optional: true

  '@rolldown/binding-linux-x64-musl@1.0.0-beta.58':
    optional: true

  '@rolldown/binding-openharmony-arm64@1.0.0-beta.58':
    optional: true

  '@rolldown/binding-wasm32-wasi@1.0.0-beta.58':
    dependencies:
      '@napi-rs/wasm-runtime': 1.1.1
    optional: true

  '@rolldown/binding-win32-arm64-msvc@1.0.0-beta.58':
    optional: true

  '@rolldown/binding-win32-x64-msvc@1.0.0-beta.58':
    optional: true

  '@rolldown/pluginutils@1.0.0-beta.58': {}

  '@tybys/wasm-util@0.10.1':
    dependencies:
      tslib: 2.8.1
    optional: true

  consola@3.4.2: {}

  crossws@0.4.1(srvx@0.9.8):
    optionalDependencies:
      srvx: 0.9.8

  db0@0.3.4: {}

  h3@2.0.1-rc.5(crossws@0.4.1(srvx@0.9.8)):
    dependencies:
      rou3: 0.7.12
      srvx: 0.9.8
    optionalDependencies:
      crossws: 0.4.1(srvx@0.9.8)

  jiti@2.6.1: {}

  nf3@0.1.12: {}

  nitro@3.0.1-alpha.1(rolldown@1.0.0-beta.58):
    dependencies:
      consola: 3.4.2
      crossws: 0.4.1(srvx@0.9.8)
      db0: 0.3.4
      h3: 2.0.1-rc.5(crossws@0.4.1(srvx@0.9.8))
      jiti: 2.6.1
      nf3: 0.1.12
      ofetch: 2.0.0-alpha.3
      ohash: 2.0.11
      oxc-minify: 0.96.0
      oxc-transform: 0.96.0
      srvx: 0.9.8
      undici: 7.16.0
      unenv: 2.0.0-rc.24
      unstorage: 2.0.0-alpha.4(db0@0.3.4)(ofetch@2.0.0-alpha.3)
    optionalDependencies:
      rolldown: 1.0.0-beta.58
    transitivePeerDependencies:
      - '@azure/app-configuration'
      - '@azure/cosmos'
      - '@azure/data-tables'
      - '@azure/identity'
      - '@azure/keyvault-secrets'
      - '@azure/storage-blob'
      - '@capacitor/preferences'
      - '@deno/kv'
      - '@electric-sql/pglite'
      - '@libsql/client'
      - '@netlify/blobs'
      - '@planetscale/database'
      - '@upstash/redis'
      - '@vercel/blob'
      - '@vercel/functions'
      - '@vercel/kv'
      - aws4fetch
      - better-sqlite3
      - chokidar
      - drizzle-orm
      - idb-keyval
      - ioredis
      - lru-cache
      - mongodb
      - mysql2
      - sqlite3
      - uploadthing

  ofetch@2.0.0-alpha.3: {}

  ohash@2.0.11: {}

  oxc-minify@0.96.0:
    optionalDependencies:
      '@oxc-minify/binding-android-arm64': 0.96.0
      '@oxc-minify/binding-darwin-arm64': 0.96.0
      '@oxc-minify/binding-darwin-x64': 0.96.0
      '@oxc-minify/binding-freebsd-x64': 0.96.0
      '@oxc-minify/binding-linux-arm-gnueabihf': 0.96.0
      '@oxc-minify/binding-linux-arm-musleabihf': 0.96.0
      '@oxc-minify/binding-linux-arm64-gnu': 0.96.0
      '@oxc-minify/binding-linux-arm64-musl': 0.96.0
      '@oxc-minify/binding-linux-riscv64-gnu': 0.96.0
      '@oxc-minify/binding-linux-s390x-gnu': 0.96.0
      '@oxc-minify/binding-linux-x64-gnu': 0.96.0
      '@oxc-minify/binding-linux-x64-musl': 0.96.0
      '@oxc-minify/binding-wasm32-wasi': 0.96.0
      '@oxc-minify/binding-win32-arm64-msvc': 0.96.0
      '@oxc-minify/binding-win32-x64-msvc': 0.96.0

  oxc-transform@0.96.0:
    optionalDependencies:
      '@oxc-transform/binding-android-arm64': 0.96.0
      '@oxc-transform/binding-darwin-arm64': 0.96.0
      '@oxc-transform/binding-darwin-x64': 0.96.0
      '@oxc-transform/binding-freebsd-x64': 0.96.0
      '@oxc-transform/binding-linux-arm-gnueabihf': 0.96.0
      '@oxc-transform/binding-linux-arm-musleabihf': 0.96.0
      '@oxc-transform/binding-linux-arm64-gnu': 0.96.0
      '@oxc-transform/binding-linux-arm64-musl': 0.96.0
      '@oxc-transform/binding-linux-riscv64-gnu': 0.96.0
      '@oxc-transform/binding-linux-s390x-gnu': 0.96.0
      '@oxc-transform/binding-linux-x64-gnu': 0.96.0
      '@oxc-transform/binding-linux-x64-musl': 0.96.0
      '@oxc-transform/binding-wasm32-wasi': 0.96.0
      '@oxc-transform/binding-win32-arm64-msvc': 0.96.0
      '@oxc-transform/binding-win32-x64-msvc': 0.96.0

  pathe@2.0.3: {}

  rolldown@1.0.0-beta.58:
    dependencies:
      '@oxc-project/types': 0.106.0
      '@rolldown/pluginutils': 1.0.0-beta.58
    optionalDependencies:
      '@rolldown/binding-android-arm64': 1.0.0-beta.58
      '@rolldown/binding-darwin-arm64': 1.0.0-beta.58
      '@rolldown/binding-darwin-x64': 1.0.0-beta.58
      '@rolldown/binding-freebsd-x64': 1.0.0-beta.58
      '@rolldown/binding-linux-arm-gnueabihf': 1.0.0-beta.58
      '@rolldown/binding-linux-arm64-gnu': 1.0.0-beta.58
      '@rolldown/binding-linux-arm64-musl': 1.0.0-beta.58
      '@rolldown/binding-linux-x64-gnu': 1.0.0-beta.58
      '@rolldown/binding-linux-x64-musl': 1.0.0-beta.58
      '@rolldown/binding-openharmony-arm64': 1.0.0-beta.58
      '@rolldown/binding-wasm32-wasi': 1.0.0-beta.58
      '@rolldown/binding-win32-arm64-msvc': 1.0.0-beta.58
      '@rolldown/binding-win32-x64-msvc': 1.0.0-beta.58

  rou3@0.7.12: {}

  srvx@0.9.8: {}

  tslib@2.8.1:
    optional: true

  undici@7.16.0: {}

  unenv@2.0.0-rc.24:
    dependencies:
      pathe: 2.0.3

  unstorage@2.0.0-alpha.4(db0@0.3.4)(ofetch@2.0.0-alpha.3):
    optionalDependencies:
      db0: 0.3.4
      ofetch: 2.0.0-alpha.3
